// !$*UTF8*$!
{
	archiveVersion = 1;
	classes = {
	};
	objectVersion = 50;
	objects = {

/* Begin PBXBuildFile section */
		5B1C4AE6EBD3A81909E4AA82 /* Pods_SimpleMvvMDemoTests.framework in Frameworks */ = {isa = PBXBuildFile; fileRef = AE421CE62F7F6CE3D6C54A06 /* Pods_SimpleMvvMDemoTests.framework */; };
		7BB470FE3F6EF61F00B45B8D /* Pods_SimpleMvvMDemoUITests.framework in Frameworks */ = {isa = PBXBuildFile; fileRef = 2AA177FEDAF54A222836D433 /* Pods_SimpleMvvMDemoUITests.framework */; };
		7D0A970E495E67260A233F6D /* Pods_SimpleMvvMDemo.framework in Frameworks */ = {isa = PBXBuildFile; fileRef = D46BFBF1AE8215E41A463142 /* Pods_SimpleMvvMDemo.framework */; };
		CE210B8B22D7D59E00ABD0F5 /* Extension EmpolyeeList.swift in Sources */ = {isa = PBXBuildFile; fileRef = CE210B8A22D7D59E00ABD0F5 /* Extension EmpolyeeList.swift */; };
		CE210B9022D7EF0500ABD0F5 /* EmpolyeeViewModel.swift in Sources */ = {isa = PBXBuildFile; fileRef = CE210B8F22D7EF0500ABD0F5 /* EmpolyeeViewModel.swift */; };
		CE74F00E22D8FEE1007E8F66 /* TestEmpolyeeVM.swift in Sources */ = {isa = PBXBuildFile; fileRef = CE74F00D22D8FEE1007E8F66 /* TestEmpolyeeVM.swift */; };
		CEC7032622D77334004C0A30 /* AppDelegate.swift in Sources */ = {isa = PBXBuildFile; fileRef = CEC7032522D77334004C0A30 /* AppDelegate.swift */; };
		CEC7032B22D77334004C0A30 /* Main.storyboard in Resources */ = {isa = PBXBuildFile; fileRef = CEC7032922D77334004C0A30 /* Main.storyboard */; };
		CEC7032D22D77336004C0A30 /* Assets.xcassets in Resources */ = {isa = PBXBuildFile; fileRef = CEC7032C22D77336004C0A30 /* Assets.xcassets */; };
		CEC7033022D77336004C0A30 /* LaunchScreen.storyboard in Resources */ = {isa = PBXBuildFile; fileRef = CEC7032E22D77336004C0A30 /* LaunchScreen.storyboard */; };
		CEC7033B22D77336004C0A30 /* SimpleMvvMDemoTests.swift in Sources */ = {isa = PBXBuildFile; fileRef = CEC7033A22D77336004C0A30 /* SimpleMvvMDemoTests.swift */; };
		CEC7034622D77336004C0A30 /* SimpleMvvMDemoUITests.swift in Sources */ = {isa = PBXBuildFile; fileRef = CEC7034522D77336004C0A30 /* SimpleMvvMDemoUITests.swift */; };
		CEC7035422D77445004C0A30 /* EmployeesList.swift in Sources */ = {isa = PBXBuildFile; fileRef = CEC7035322D77445004C0A30 /* EmployeesList.swift */; };
		CEC7035622D774E3004C0A30 /* API.swift in Sources */ = {isa = PBXBuildFile; fileRef = CEC7035522D774E3004C0A30 /* API.swift */; };
		CEC7035A22D79869004C0A30 /* EmpolyeeModel.swift in Sources */ = {isa = PBXBuildFile; fileRef = CEC7035922D79869004C0A30 /* EmpolyeeModel.swift */; };
		CEC7035C22D7A4D5004C0A30 /* EmployeeCell.swift in Sources */ = {isa = PBXBuildFile; fileRef = CEC7035B22D7A4D5004C0A30 /* EmployeeCell.swift */; };
/* End PBXBuildFile section */

/* Begin PBXContainerItemProxy section */
		CEC7033722D77336004C0A30 /* PBXContainerItemProxy */ = {
			isa = PBXContainerItemProxy;
			containerPortal = CEC7031A22D77334004C0A30 /* Project object */;
			proxyType = 1;
			remoteGlobalIDString = CEC7032122D77334004C0A30;
			remoteInfo = SimpleMvvMDemo;
		};
		CEC7034222D77336004C0A30 /* PBXContainerItemProxy */ = {
			isa = PBXContainerItemProxy;
			containerPortal = CEC7031A22D77334004C0A30 /* Project object */;
			proxyType = 1;
			remoteGlobalIDString = CEC7032122D77334004C0A30;
			remoteInfo = SimpleMvvMDemo;
		};
/* End PBXContainerItemProxy section */

/* Begin PBXFileReference section */
		26CD9C7B69A902D4F09B0C18 /* Pods-SimpleMvvMDemo.release.xcconfig */ = {isa = PBXFileReference; includeInIndex = 1; lastKnownFileType = text.xcconfig; name = "Pods-SimpleMvvMDemo.release.xcconfig"; path = "Pods/Target Support Files/Pods-SimpleMvvMDemo/Pods-SimpleMvvMDemo.release.xcconfig"; sourceTree = "<group>"; };
		2AA177FEDAF54A222836D433 /* Pods_SimpleMvvMDemoUITests.framework */ = {isa = PBXFileReference; explicitFileType = wrapper.framework; includeInIndex = 0; path = Pods_SimpleMvvMDemoUITests.framework; sourceTree = BUILT_PRODUCTS_DIR; };
		32FCFD75FB592C914EF0054B /* Pods-SimpleMvvMDemoTests.debug.xcconfig */ = {isa = PBXFileReference; includeInIndex = 1; lastKnownFileType = text.xcconfig; name = "Pods-SimpleMvvMDemoTests.debug.xcconfig"; path = "Pods/Target Support Files/Pods-SimpleMvvMDemoTests/Pods-SimpleMvvMDemoTests.debug.xcconfig"; sourceTree = "<group>"; };
		866D506BD9FB72EB027DB76B /* Pods-SimpleMvvMDemoUITests.debug.xcconfig */ = {isa = PBXFileReference; includeInIndex = 1; lastKnownFileType = text.xcconfig; name = "Pods-SimpleMvvMDemoUITests.debug.xcconfig"; path = "Pods/Target Support Files/Pods-SimpleMvvMDemoUITests/Pods-SimpleMvvMDemoUITests.debug.xcconfig"; sourceTree = "<group>"; };
		AE421CE62F7F6CE3D6C54A06 /* Pods_SimpleMvvMDemoTests.framework */ = {isa = PBXFileReference; explicitFileType = wrapper.framework; includeInIndex = 0; path = Pods_SimpleMvvMDemoTests.framework; sourceTree = BUILT_PRODUCTS_DIR; };
		B0EA0F6C984D9177C6BAF41A /* Pods-SimpleMvvMDemoTests.release.xcconfig */ = {isa = PBXFileReference; includeInIndex = 1; lastKnownFileType = text.xcconfig; name = "Pods-SimpleMvvMDemoTests.release.xcconfig"; path = "Pods/Target Support Files/Pods-SimpleMvvMDemoTests/Pods-SimpleMvvMDemoTests.release.xcconfig"; sourceTree = "<group>"; };
		B5D07B180188B5226968C4F8 /* Pods-SimpleMvvMDemoUITests.release.xcconfig */ = {isa = PBXFileReference; includeInIndex = 1; lastKnownFileType = text.xcconfig; name = "Pods-SimpleMvvMDemoUITests.release.xcconfig"; path = "Pods/Target Support Files/Pods-SimpleMvvMDemoUITests/Pods-SimpleMvvMDemoUITests.release.xcconfig"; sourceTree = "<group>"; };
		C6508A7F0337214A9C12B758 /* Pods-SimpleMvvMDemo.debug.xcconfig */ = {isa = PBXFileReference; includeInIndex = 1; lastKnownFileType = text.xcconfig; name = "Pods-SimpleMvvMDemo.debug.xcconfig"; path = "Pods/Target Support Files/Pods-SimpleMvvMDemo/Pods-SimpleMvvMDemo.debug.xcconfig"; sourceTree = "<group>"; };
		CE210B8A22D7D59E00ABD0F5 /* Extension EmpolyeeList.swift */ = {isa = PBXFileReference; lastKnownFileType = sourcecode.swift; path = "Extension EmpolyeeList.swift"; sourceTree = "<group>"; };
		CE210B8F22D7EF0500ABD0F5 /* EmpolyeeViewModel.swift */ = {isa = PBXFileReference; lastKnownFileType = sourcecode.swift; path = EmpolyeeViewModel.swift; sourceTree = "<group>"; };
		CE74F00D22D8FEE1007E8F66 /* TestEmpolyeeVM.swift */ = {isa = PBXFileReference; lastKnownFileType = sourcecode.swift; path = TestEmpolyeeVM.swift; sourceTree = "<group>"; };
		CEC7032222D77334004C0A30 /* SimpleMvvMDemo.app */ = {isa = PBXFileReference; explicitFileType = wrapper.application; includeInIndex = 0; path = SimpleMvvMDemo.app; sourceTree = BUILT_PRODUCTS_DIR; };
		CEC7032522D77334004C0A30 /* AppDelegate.swift */ = {isa = PBXFileReference; lastKnownFileType = sourcecode.swift; path = AppDelegate.swift; sourceTree = "<group>"; };
		CEC7032A22D77334004C0A30 /* Base */ = {isa = PBXFileReference; lastKnownFileType = file.storyboard; name = Base; path = Base.lproj/Main.storyboard; sourceTree = "<group>"; };
		CEC7032C22D77336004C0A30 /* Assets.xcassets */ = {isa = PBXFileReference; lastKnownFileType = folder.assetcatalog; path = Assets.xcassets; sourceTree = "<group>"; };
		CEC7032F22D77336004C0A30 /* Base */ = {isa = PBXFileReference; lastKnownFileType = file.storyboard; name = Base; path = Base.lproj/LaunchScreen.storyboard; sourceTree = "<group>"; };
		CEC7033122D77336004C0A30 /* Info.plist */ = {isa = PBXFileReference; lastKnownFileType = text.plist.xml; path = Info.plist; sourceTree = "<group>"; };
		CEC7033622D77336004C0A30 /* SimpleMvvMDemoTests.xctest */ = {isa = PBXFileReference; explicitFileType = wrapper.cfbundle; includeInIndex = 0; path = SimpleMvvMDemoTests.xctest; sourceTree = BUILT_PRODUCTS_DIR; };
		CEC7033A22D77336004C0A30 /* SimpleMvvMDemoTests.swift */ = {isa = PBXFileReference; lastKnownFileType = sourcecode.swift; path = SimpleMvvMDemoTests.swift; sourceTree = "<group>"; };
		CEC7033C22D77336004C0A30 /* Info.plist */ = {isa = PBXFileReference; lastKnownFileType = text.plist.xml; path = Info.plist; sourceTree = "<group>"; };
		CEC7034122D77336004C0A30 /* SimpleMvvMDemoUITests.xctest */ = {isa = PBXFileReference; explicitFileType = wrapper.cfbundle; includeInIndex = 0; path = SimpleMvvMDemoUITests.xctest; sourceTree = BUILT_PRODUCTS_DIR; };
		CEC7034522D77336004C0A30 /* SimpleMvvMDemoUITests.swift */ = {isa = PBXFileReference; lastKnownFileType = sourcecode.swift; path = SimpleMvvMDemoUITests.swift; sourceTree = "<group>"; };
		CEC7034722D77336004C0A30 /* Info.plist */ = {isa = PBXFileReference; lastKnownFileType = text.plist.xml; path = Info.plist; sourceTree = "<group>"; };
		CEC7035322D77445004C0A30 /* EmployeesList.swift */ = {isa = PBXFileReference; lastKnownFileType = sourcecode.swift; path = EmployeesList.swift; sourceTree = "<group>"; };
		CEC7035522D774E3004C0A30 /* API.swift */ = {isa = PBXFileReference; lastKnownFileType = sourcecode.swift; path = API.swift; sourceTree = "<group>"; };
		CEC7035922D79869004C0A30 /* EmpolyeeModel.swift */ = {isa = PBXFileReference; lastKnownFileType = sourcecode.swift; path = EmpolyeeModel.swift; sourceTree = "<group>"; };
		CEC7035B22D7A4D5004C0A30 /* EmployeeCell.swift */ = {isa = PBXFileReference; lastKnownFileType = sourcecode.swift; path = EmployeeCell.swift; sourceTree = "<group>"; };
		D46BFBF1AE8215E41A463142 /* Pods_SimpleMvvMDemo.framework */ = {isa = PBXFileReference; explicitFileType = wrapper.framework; includeInIndex = 0; path = Pods_SimpleMvvMDemo.framework; sourceTree = BUILT_PRODUCTS_DIR; };
/* End PBXFileReference section */

/* Begin PBXFrameworksBuildPhase section */
		CEC7031F22D77334004C0A30 /* Frameworks */ = {
			isa = PBXFrameworksBuildPhase;
			buildActionMask = 2147483647;
			files = (
				7D0A970E495E67260A233F6D /* Pods_SimpleMvvMDemo.framework in Frameworks */,
			);
			runOnlyForDeploymentPostprocessing = 0;
		};
		CEC7033322D77336004C0A30 /* Frameworks */ = {
			isa = PBXFrameworksBuildPhase;
			buildActionMask = 2147483647;
			files = (
				5B1C4AE6EBD3A81909E4AA82 /* Pods_SimpleMvvMDemoTests.framework in Frameworks */,
			);
			runOnlyForDeploymentPostprocessing = 0;
		};
		CEC7033E22D77336004C0A30 /* Frameworks */ = {
			isa = PBXFrameworksBuildPhase;
			buildActionMask = 2147483647;
			files = (
				7BB470FE3F6EF61F00B45B8D /* Pods_SimpleMvvMDemoUITests.framework in Frameworks */,
			);
			runOnlyForDeploymentPostprocessing = 0;
		};
/* End PBXFrameworksBuildPhase section */

/* Begin PBXGroup section */
		243914DCE1768CAD670FC263 /* Pods */ = {
			isa = PBXGroup;
			children = (
				C6508A7F0337214A9C12B758 /* Pods-SimpleMvvMDemo.debug.xcconfig */,
				26CD9C7B69A902D4F09B0C18 /* Pods-SimpleMvvMDemo.release.xcconfig */,
				32FCFD75FB592C914EF0054B /* Pods-SimpleMvvMDemoTests.debug.xcconfig */,
				B0EA0F6C984D9177C6BAF41A /* Pods-SimpleMvvMDemoTests.release.xcconfig */,
				866D506BD9FB72EB027DB76B /* Pods-SimpleMvvMDemoUITests.debug.xcconfig */,
				B5D07B180188B5226968C4F8 /* Pods-SimpleMvvMDemoUITests.release.xcconfig */,
			);
			name = Pods;
			sourceTree = "<group>";
		};
		45081A5A0344F9D3F58D8B5D /* Frameworks */ = {
			isa = PBXGroup;
			children = (
				D46BFBF1AE8215E41A463142 /* Pods_SimpleMvvMDemo.framework */,
				AE421CE62F7F6CE3D6C54A06 /* Pods_SimpleMvvMDemoTests.framework */,
				2AA177FEDAF54A222836D433 /* Pods_SimpleMvvMDemoUITests.framework */,
			);
			name = Frameworks;
			sourceTree = "<group>";
		};
		CE210B8722D7D34700ABD0F5 /* Model */ = {
			isa = PBXGroup;
			children = (
				CEC7035922D79869004C0A30 /* EmpolyeeModel.swift */,
			);
			path = Model;
			sourceTree = "<group>";
		};
		CE210B8822D7D40200ABD0F5 /* View */ = {
			isa = PBXGroup;
			children = (
				CEC7035322D77445004C0A30 /* EmployeesList.swift */,
				CEC7035B22D7A4D5004C0A30 /* EmployeeCell.swift */,
				CE210B8A22D7D59E00ABD0F5 /* Extension EmpolyeeList.swift */,
			);
			path = View;
			sourceTree = "<group>";
		};
		CE210B8922D7D40C00ABD0F5 /* ViewModel */ = {
			isa = PBXGroup;
			children = (
				CE210B8F22D7EF0500ABD0F5 /* EmpolyeeViewModel.swift */,
			);
			path = ViewModel;
			sourceTree = "<group>";
		};
		CE210B9122D8055A00ABD0F5 /* Network */ = {
			isa = PBXGroup;
			children = (
				CEC7035522D774E3004C0A30 /* API.swift */,
			);
			path = Network;
			sourceTree = "<group>";
		};
		CEC7031922D77334004C0A30 = {
			isa = PBXGroup;
			children = (
				CEC7032422D77334004C0A30 /* SimpleMvvMDemo */,
				CEC7033922D77336004C0A30 /* SimpleMvvMDemoTests */,
				CEC7034422D77336004C0A30 /* SimpleMvvMDemoUITests */,
				CEC7032322D77334004C0A30 /* Products */,
				243914DCE1768CAD670FC263 /* Pods */,
				45081A5A0344F9D3F58D8B5D /* Frameworks */,
			);
			sourceTree = "<group>";
		};
		CEC7032322D77334004C0A30 /* Products */ = {
			isa = PBXGroup;
			children = (
				CEC7032222D77334004C0A30 /* SimpleMvvMDemo.app */,
				CEC7033622D77336004C0A30 /* SimpleMvvMDemoTests.xctest */,
				CEC7034122D77336004C0A30 /* SimpleMvvMDemoUITests.xctest */,
			);
			name = Products;
			sourceTree = "<group>";
		};
		CEC7032422D77334004C0A30 /* SimpleMvvMDemo */ = {
			isa = PBXGroup;
			children = (
				CE210B9122D8055A00ABD0F5 /* Network */,
				CE210B8922D7D40C00ABD0F5 /* ViewModel */,
				CE210B8822D7D40200ABD0F5 /* View */,
				CE210B8722D7D34700ABD0F5 /* Model */,
				CEC7032922D77334004C0A30 /* Main.storyboard */,
				CEC7032C22D77336004C0A30 /* Assets.xcassets */,
				CEC7032E22D77336004C0A30 /* LaunchScreen.storyboard */,
				CEC7032522D77334004C0A30 /* AppDelegate.swift */,
				CEC7033122D77336004C0A30 /* Info.plist */,
			);
			path = SimpleMvvMDemo;
			sourceTree = "<group>";
		};
		CEC7033922D77336004C0A30 /* SimpleMvvMDemoTests */ = {
			isa = PBXGroup;
			children = (
				CEC7033A22D77336004C0A30 /* SimpleMvvMDemoTests.swift */,
				CEC7033C22D77336004C0A30 /* Info.plist */,
				CE74F00D22D8FEE1007E8F66 /* TestEmpolyeeVM.swift */,
			);
			path = SimpleMvvMDemoTests;
			sourceTree = "<group>";
		};
		CEC7034422D77336004C0A30 /* SimpleMvvMDemoUITests */ = {
			isa = PBXGroup;
			children = (
				CEC7034522D77336004C0A30 /* SimpleMvvMDemoUITests.swift */,
				CEC7034722D77336004C0A30 /* Info.plist */,
			);
			path = SimpleMvvMDemoUITests;
			sourceTree = "<group>";
		};
/* End PBXGroup section */

/* Begin PBXNativeTarget section */
		CEC7032122D77334004C0A30 /* SimpleMvvMDemo */ = {
			isa = PBXNativeTarget;
			buildConfigurationList = CEC7034A22D77336004C0A30 /* Build configuration list for PBXNativeTarget "SimpleMvvMDemo" */;
			buildPhases = (
				667D7324A274224BE43544E8 /* [CP] Check Pods Manifest.lock */,
				CEC7031E22D77334004C0A30 /* Sources */,
				CEC7031F22D77334004C0A30 /* Frameworks */,
				CEC7032022D77334004C0A30 /* Resources */,
				87BCAB0C4F7C54041A174E8B /* [CP] Embed Pods Frameworks */,
			);
			buildRules = (
			);
			dependencies = (
			);
			name = SimpleMvvMDemo;
			productName = SimpleMvvMDemo;
			productReference = CEC7032222D77334004C0A30 /* SimpleMvvMDemo.app */;
			productType = "com.apple.product-type.application";
		};
		CEC7033522D77336004C0A30 /* SimpleMvvMDemoTests */ = {
			isa = PBXNativeTarget;
			buildConfigurationList = CEC7034D22D77336004C0A30 /* Build configuration list for PBXNativeTarget "SimpleMvvMDemoTests" */;
			buildPhases = (
				FD7005F1066456EB92A0721A /* [CP] Check Pods Manifest.lock */,
				CEC7033222D77336004C0A30 /* Sources */,
				CEC7033322D77336004C0A30 /* Frameworks */,
				CEC7033422D77336004C0A30 /* Resources */,
			);
			buildRules = (
			);
			dependencies = (
				CEC7033822D77336004C0A30 /* PBXTargetDependency */,
			);
			name = SimpleMvvMDemoTests;
			productName = SimpleMvvMDemoTests;
			productReference = CEC7033622D77336004C0A30 /* SimpleMvvMDemoTests.xctest */;
			productType = "com.apple.product-type.bundle.unit-test";
		};
		CEC7034022D77336004C0A30 /* SimpleMvvMDemoUITests */ = {
			isa = PBXNativeTarget;
			buildConfigurationList = CEC7035022D77336004C0A30 /* Build configuration list for PBXNativeTarget "SimpleMvvMDemoUITests" */;
			buildPhases = (
				D73DB2A1B4A12D758BFA5CF3 /* [CP] Check Pods Manifest.lock */,
				CEC7033D22D77336004C0A30 /* Sources */,
				CEC7033E22D77336004C0A30 /* Frameworks */,
				CEC7033F22D77336004C0A30 /* Resources */,
			);
			buildRules = (
			);
			dependencies = (
				CEC7034322D77336004C0A30 /* PBXTargetDependency */,
			);
			name = SimpleMvvMDemoUITests;
			productName = SimpleMvvMDemoUITests;
			productReference = CEC7034122D77336004C0A30 /* SimpleMvvMDemoUITests.xctest */;
			productType = "com.apple.product-type.bundle.ui-testing";
		};
/* End PBXNativeTarget section */

/* Begin PBXProject section */
		CEC7031A22D77334004C0A30 /* Project object */ = {
			isa = PBXProject;
			attributes = {
				LastSwiftUpdateCheck = 1010;
				LastUpgradeCheck = 1010;
				ORGANIZATIONNAME = User;
				TargetAttributes = {
					CEC7032122D77334004C0A30 = {
						CreatedOnToolsVersion = 10.1;
					};
					CEC7033522D77336004C0A30 = {
						CreatedOnToolsVersion = 10.1;
						TestTargetID = CEC7032122D77334004C0A30;
					};
					CEC7034022D77336004C0A30 = {
						CreatedOnToolsVersion = 10.1;
						TestTargetID = CEC7032122D77334004C0A30;
					};
				};
			};
			buildConfigurationList = CEC7031D22D77334004C0A30 /* Build configuration list for PBXProject "SimpleMvvMDemo" */;
			compatibilityVersion = "Xcode 9.3";
			developmentRegion = en;
			hasScannedForEncodings = 0;
			knownRegions = (
				en,
				Base,
			);
			mainGroup = CEC7031922D77334004C0A30;
			productRefGroup = CEC7032322D77334004C0A30 /* Products */;
			projectDirPath = "";
			projectRoot = "";
			targets = (
				CEC7032122D77334004C0A30 /* SimpleMvvMDemo */,
				CEC7033522D77336004C0A30 /* SimpleMvvMDemoTests */,
				CEC7034022D77336004C0A30 /* SimpleMvvMDemoUITests */,
			);
		};
/* End PBXProject section */

/* Begin PBXResourcesBuildPhase section */
		CEC7032022D77334004C0A30 /* Resources */ = {
			isa = PBXResourcesBuildPhase;
			buildActionMask = 2147483647;
			files = (
				CEC7033022D77336004C0A30 /* LaunchScreen.storyboard in Resources */,
				CEC7032D22D77336004C0A30 /* Assets.xcassets in Resources */,
				CEC7032B22D77334004C0A30 /* Main.storyboard in Resources */,
			);
			runOnlyForDeploymentPostprocessing = 0;
		};
		CEC7033422D77336004C0A30 /* Resources */ = {
			isa = PBXResourcesBuildPhase;
			buildActionMask = 2147483647;
			files = (
			);
			runOnlyForDeploymentPostprocessing = 0;
		};
		CEC7033F22D77336004C0A30 /* Resources */ = {
			isa = PBXResourcesBuildPhase;
			buildActionMask = 2147483647;
			files = (
			);
			runOnlyForDeploymentPostprocessing = 0;
		};
/* End PBXResourcesBuildPhase section */

/* Begin PBXShellScriptBuildPhase section */
		667D7324A274224BE43544E8 /* [CP] Check Pods Manifest.lock */ = {
			isa = PBXShellScriptBuildPhase;
			buildActionMask = 2147483647;
			files = (
			);
			inputPaths = (
				"${PODS_PODFILE_DIR_PATH}/Podfile.lock",
				"${PODS_ROOT}/Manifest.lock",
			);
			name = "[CP] Check Pods Manifest.lock";
			outputPaths = (
				"$(DERIVED_FILE_DIR)/Pods-SimpleMvvMDemo-checkManifestLockResult.txt",
			);
			runOnlyForDeploymentPostprocessing = 0;
			shellPath = /bin/sh;
			shellScript = "diff \"${PODS_PODFILE_DIR_PATH}/Podfile.lock\" \"${PODS_ROOT}/Manifest.lock\" > /dev/null\nif [ $? != 0 ] ; then\n    # print error to STDERR\n    echo \"error: The sandbox is not in sync with the Podfile.lock. Run 'pod install' or update your CocoaPods installation.\" >&2\n    exit 1\nfi\n# This output is used by Xcode 'outputs' to avoid re-running this script phase.\necho \"SUCCESS\" > \"${SCRIPT_OUTPUT_FILE_0}\"\n";
			showEnvVarsInLog = 0;
		};
		87BCAB0C4F7C54041A174E8B /* [CP] Embed Pods Frameworks */ = {
			isa = PBXShellScriptBuildPhase;
			buildActionMask = 2147483647;
			files = (
			);
			inputPaths = (
				"${SRCROOT}/Pods/Target Support Files/Pods-SimpleMvvMDemo/Pods-SimpleMvvMDemo-frameworks.sh",
				"${BUILT_PRODUCTS_DIR}/Alamofire/Alamofire.framework",
				"${BUILT_PRODUCTS_DIR}/AlamofireImage/AlamofireImage.framework",
				"${BUILT_PRODUCTS_DIR}/SwiftyJSON/SwiftyJSON.framework",
			);
			name = "[CP] Embed Pods Frameworks";
			outputPaths = (
				"${TARGET_BUILD_DIR}/${FRAMEWORKS_FOLDER_PATH}/Alamofire.framework",
				"${TARGET_BUILD_DIR}/${FRAMEWORKS_FOLDER_PATH}/AlamofireImage.framework",
				"${TARGET_BUILD_DIR}/${FRAMEWORKS_FOLDER_PATH}/SwiftyJSON.framework",
			);
			runOnlyForDeploymentPostprocessing = 0;
			shellPath = /bin/sh;
			shellScript = "\"${SRCROOT}/Pods/Target Support Files/Pods-SimpleMvvMDemo/Pods-SimpleMvvMDemo-frameworks.sh\"\n";
			showEnvVarsInLog = 0;
		};
		D73DB2A1B4A12D758BFA5CF3 /* [CP] Check Pods Manifest.lock */ = {
			isa = PBXShellScriptBuildPhase;
			buildActionMask = 2147483647;
			files = (
			);
			inputPaths = (
				"${PODS_PODFILE_DIR_PATH}/Podfile.lock",
				"${PODS_ROOT}/Manifest.lock",
			);
			name = "[CP] Check Pods Manifest.lock";
			outputPaths = (
				"$(DERIVED_FILE_DIR)/Pods-SimpleMvvMDemoUITests-checkManifestLockResult.txt",
			);
			runOnlyForDeploymentPostprocessing = 0;
			shellPath = /bin/sh;
			shellScript = "diff \"${PODS_PODFILE_DIR_PATH}/Podfile.lock\" \"${PODS_ROOT}/Manifest.lock\" > /dev/null\nif [ $? != 0 ] ; then\n    # print error to STDERR\n    echo \"error: The sandbox is not in sync with the Podfile.lock. Run 'pod install' or update your CocoaPods installation.\" >&2\n    exit 1\nfi\n# This output is used by Xcode 'outputs' to avoid re-running this script phase.\necho \"SUCCESS\" > \"${SCRIPT_OUTPUT_FILE_0}\"\n";
			showEnvVarsInLog = 0;
		};
		FD7005F1066456EB92A0721A /* [CP] Check Pods Manifest.lock */ = {
			isa = PBXShellScriptBuildPhase;
			buildActionMask = 2147483647;
			files = (
			);
			inputPaths = (
				"${PODS_PODFILE_DIR_PATH}/Podfile.lock",
				"${PODS_ROOT}/Manifest.lock",
			);
			name = "[CP] Check Pods Manifest.lock";
			outputPaths = (
				"$(DERIVED_FILE_DIR)/Pods-SimpleMvvMDemoTests-checkManifestLockResult.txt",
			);
			runOnlyForDeploymentPostprocessing = 0;
			shellPath = /bin/sh;
			shellScript = "diff \"${PODS_PODFILE_DIR_PATH}/Podfile.lock\" \"${PODS_ROOT}/Manifest.lock\" > /dev/null\nif [ $? != 0 ] ; then\n    # print error to STDERR\n    echo \"error: The sandbox is not in sync with the Podfile.lock. Run 'pod install' or update your CocoaPods installation.\" >&2\n    exit 1\nfi\n# This output is used by Xcode 'outputs' to avoid re-running this script phase.\necho \"SUCCESS\" > \"${SCRIPT_OUTPUT_FILE_0}\"\n";
			showEnvVarsInLog = 0;
		};
/* End PBXShellScriptBuildPhase section */

/* Begin PBXSourcesBuildPhase section */
		CEC7031E22D77334004C0A30 /* Sources */ = {
			isa = PBXSourcesBuildPhase;
			buildActionMask = 2147483647;
			files = (
				CEC7032622D77334004C0A30 /* AppDelegate.swift in Sources */,
				CEC7035622D774E3004C0A30 /* API.swift in Sources */,
				CEC7035422D77445004C0A30 /* EmployeesList.swift in Sources */,
				CEC7035A22D79869004C0A30 /* EmpolyeeModel.swift in Sources */,
				CE210B8B22D7D59E00ABD0F5 /* Extension EmpolyeeList.swift in Sources */,
				CEC7035C22D7A4D5004C0A30 /* EmployeeCell.swift in Sources */,
				CE210B9022D7EF0500ABD0F5 /* EmpolyeeViewModel.swift in Sources */,
			);
			runOnlyForDeploymentPostprocessing = 0;
		};
		CEC7033222D77336004C0A30 /* Sources */ = {
			isa = PBXSourcesBuildPhase;
			buildActionMask = 2147483647;
			files = (
				CE74F00E22D8FEE1007E8F66 /* TestEmpolyeeVM.swift in Sources */,
				CEC7033B22D77336004C0A30 /* SimpleMvvMDemoTests.swift in Sources */,
			);
			runOnlyForDeploymentPostprocessing = 0;
		};
		CEC7033D22D77336004C0A30 /* Sources */ = {
			isa = PBXSourcesBuildPhase;
			buildActionMask = 2147483647;
			files = (
				CEC7034622D77336004C0A30 /* SimpleMvvMDemoUITests.swift in Sources */,
			);
			runOnlyForDeploymentPostprocessing = 0;
		};
/* End PBXSourcesBuildPhase section */

/* Begin PBXTargetDependency section */
		CEC7033822D77336004C0A30 /* PBXTargetDependency */ = {
			isa = PBXTargetDependency;
			target = CEC7032122D77334004C0A30 /* SimpleMvvMDemo */;
			targetProxy = CEC7033722D77336004C0A30 /* PBXContainerItemProxy */;
		};
		CEC7034322D77336004C0A30 /* PBXTargetDependency */ = {
			isa = PBXTargetDependency;
			target = CEC7032122D77334004C0A30 /* SimpleMvvMDemo */;
			targetProxy = CEC7034222D77336004C0A30 /* PBXContainerItemProxy */;
		};
/* End PBXTargetDependency section */

/* Begin PBXVariantGroup section */
		CEC7032922D77334004C0A30 /* Main.storyboard */ = {
			isa = PBXVariantGroup;
			children = (
				CEC7032A22D77334004C0A30 /* Base */,
			);
			name = Main.storyboard;
			sourceTree = "<group>";
		};
		CEC7032E22D77336004C0A30 /* LaunchScreen.storyboard */ = {
			isa = PBXVariantGroup;
			children = (
				CEC7032F22D77336004C0A30 /* Base */,
			);
			name = LaunchScreen.storyboard;
			sourceTree = "<group>";
		};
/* End PBXVariantGroup section */

/* Begin XCBuildConfiguration section */
		CEC7034822D77336004C0A30 /* Debug */ = {
			isa = XCBuildConfiguration;
			buildSettings = {
				ALWAYS_SEARCH_USER_PATHS = NO;
				CLANG_ANALYZER_NONNULL = YES;
				CLANG_ANALYZER_NUMBER_OBJECT_CONVERSION = YES_AGGRESSIVE;
				CLANG_CXX_LANGUAGE_STANDARD = "gnu++14";
				CLANG_CXX_LIBRARY = "libc++";
				CLANG_ENABLE_MODULES = YES;
				CLANG_ENABLE_OBJC_ARC = YES;
				CLANG_ENABLE_OBJC_WEAK = YES;
				CLANG_WARN_BLOCK_CAPTURE_AUTORELEASING = YES;
				CLANG_WARN_BOOL_CONVERSION = YES;
				CLANG_WARN_COMMA = YES;
				CLANG_WARN_CONSTANT_CONVERSION = YES;
				CLANG_WARN_DEPRECATED_OBJC_IMPLEMENTATIONS = YES;
				CLANG_WARN_DIRECT_OBJC_ISA_USAGE = YES_ERROR;
				CLANG_WARN_DOCUMENTATION_COMMENTS = YES;
				CLANG_WARN_EMPTY_BODY = YES;
				CLANG_WARN_ENUM_CONVERSION = YES;
				CLANG_WARN_INFINITE_RECURSION = YES;
				CLANG_WARN_INT_CONVERSION = YES;
				CLANG_WARN_NON_LITERAL_NULL_CONVERSION = YES;
				CLANG_WARN_OBJC_IMPLICIT_RETAIN_SELF = YES;
				CLANG_WARN_OBJC_LITERAL_CONVERSION = YES;
				CLANG_WARN_OBJC_ROOT_CLASS = YES_ERROR;
				CLANG_WARN_RANGE_LOOP_ANALYSIS = YES;
				CLANG_WARN_STRICT_PROTOTYPES = YES;
				CLANG_WARN_SUSPICIOUS_MOVE = YES;
				CLANG_WARN_UNGUARDED_AVAILABILITY = YES_AGGRESSIVE;
				CLANG_WARN_UNREACHABLE_CODE = YES;
				CLANG_WARN__DUPLICATE_METHOD_MATCH = YES;
				CODE_SIGN_IDENTITY = "iPhone Developer";
				COPY_PHASE_STRIP = NO;
				DEBUG_INFORMATION_FORMAT = dwarf;
				ENABLE_STRICT_OBJC_MSGSEND = YES;
				ENABLE_TESTABILITY = YES;
				GCC_C_LANGUAGE_STANDARD = gnu11;
				GCC_DYNAMIC_NO_PIC = NO;
				GCC_NO_COMMON_BLOCKS = YES;
				GCC_OPTIMIZATION_LEVEL = 0;
				GCC_PREPROCESSOR_DEFINITIONS = (
					"DEBUG=1",
					"$(inherited)",
				);
				GCC_WARN_64_TO_32_BIT_CONVERSION = YES;
				GCC_WARN_ABOUT_RETURN_TYPE = YES_ERROR;
				GCC_WARN_UNDECLARED_SELECTOR = YES;
				GCC_WARN_UNINITIALIZED_AUTOS = YES_AGGRESSIVE;
				GCC_WARN_UNUSED_FUNCTION = YES;
				GCC_WARN_UNUSED_VARIABLE = YES;
				IPHONEOS_DEPLOYMENT_TARGET = 12.1;
				MTL_ENABLE_DEBUG_INFO = INCLUDE_SOURCE;
				MTL_FAST_MATH = YES;
				ONLY_ACTIVE_ARCH = YES;
				SDKROOT = iphoneos;
				SWIFT_ACTIVE_COMPILATION_CONDITIONS = DEBUG;
				SWIFT_OPTIMIZATION_LEVEL = "-Onone";
			};
			name = Debug;
		};
		CEC7034922D77336004C0A30 /* Release */ = {
			isa = XCBuildConfiguration;
			buildSettings = {
				ALWAYS_SEARCH_USER_PATHS = NO;
				CLANG_ANALYZER_NONNULL = YES;
				CLANG_ANALYZER_NUMBER_OBJECT_CONVERSION = YES_AGGRESSIVE;
				CLANG_CXX_LANGUAGE_STANDARD = "gnu++14";
				CLANG_CXX_LIBRARY = "libc++";
				CLANG_ENABLE_MODULES = YES;
				CLANG_ENABLE_OBJC_ARC = YES;
				CLANG_ENABLE_OBJC_WEAK = YES;
				CLANG_WARN_BLOCK_CAPTURE_AUTORELEASING = YES;
				CLANG_WARN_BOOL_CONVERSION = YES;
				CLANG_WARN_COMMA = YES;
				CLANG_WARN_CONSTANT_CONVERSION = YES;
				CLANG_WARN_DEPRECATED_OBJC_IMPLEMENTATIONS = YES;
				CLANG_WARN_DIRECT_OBJC_ISA_USAGE = YES_ERROR;
				CLANG_WARN_DOCUMENTATION_COMMENTS = YES;
				CLANG_WARN_EMPTY_BODY = YES;
				CLANG_WARN_ENUM_CONVERSION = YES;
				CLANG_WARN_INFINITE_RECURSION = YES;
				CLANG_WARN_INT_CONVERSION = YES;
				CLANG_WARN_NON_LITERAL_NULL_CONVERSION = YES;
				CLANG_WARN_OBJC_IMPLICIT_RETAIN_SELF = YES;
				CLANG_WARN_OBJC_LITERAL_CONVERSION = YES;
				CLANG_WARN_OBJC_ROOT_CLASS = YES_ERROR;
				CLANG_WARN_RANGE_LOOP_ANALYSIS = YES;
				CLANG_WARN_STRICT_PROTOTYPES = YES;
				CLANG_WARN_SUSPICIOUS_MOVE = YES;
				CLANG_WARN_UNGUARDED_AVAILABILITY = YES_AGGRESSIVE;
				CLANG_WARN_UNREACHABLE_CODE = YES;
				CLANG_WARN__DUPLICATE_METHOD_MATCH = YES;
				CODE_SIGN_IDENTITY = "iPhone Developer";
				COPY_PHASE_STRIP = NO;
				DEBUG_INFORMATION_FORMAT = "dwarf-with-dsym";
				ENABLE_NS_ASSERTIONS = NO;
				ENABLE_STRICT_OBJC_MSGSEND = YES;
				GCC_C_LANGUAGE_STANDARD = gnu11;
				GCC_NO_COMMON_BLOCKS = YES;
				GCC_WARN_64_TO_32_BIT_CONVERSION = YES;
				GCC_WARN_ABOUT_RETURN_TYPE = YES_ERROR;
				GCC_WARN_UNDECLARED_SELECTOR = YES;
				GCC_WARN_UNINITIALIZED_AUTOS = YES_AGGRESSIVE;
				GCC_WARN_UNUSED_FUNCTION = YES;
				GCC_WARN_UNUSED_VARIABLE = YES;
				IPHONEOS_DEPLOYMENT_TARGET = 12.1;
				MTL_ENABLE_DEBUG_INFO = NO;
				MTL_FAST_MATH = YES;
				SDKROOT = iphoneos;
				SWIFT_COMPILATION_MODE = wholemodule;
				SWIFT_OPTIMIZATION_LEVEL = "-O";
				VALIDATE_PRODUCT = YES;
			};
			name = Release;
		};
		CEC7034B22D77336004C0A30 /* Debug */ = {
			isa = XCBuildConfiguration;
			baseConfigurationReference = C6508A7F0337214A9C12B758 /* Pods-SimpleMvvMDemo.debug.xcconfig */;
			buildSettings = {
				ASSETCATALOG_COMPILER_APPICON_NAME = AppIcon;
				CODE_SIGN_STYLE = Automatic;
				DEVELOPMENT_TEAM = 6ZZ5YDZA7Z;
				INFOPLIST_FILE = SimpleMvvMDemo/Info.plist;
				LD_RUNPATH_SEARCH_PATHS = (
					"$(inherited)",
					"@executable_path/Frameworks",
				);
				PRODUCT_BUNDLE_IDENTIFIER = is.com.SimpleMvvMDemo;
				PRODUCT_NAME = "$(TARGET_NAME)";
				SWIFT_VERSION = 4.2;
				TARGETED_DEVICE_FAMILY = "1,2";
			};
			name = Debug;
		};
		CEC7034C22D77336004C0A30 /* Release */ = {
			isa = XCBuildConfiguration;
			baseConfigurationReference = 26CD9C7B69A902D4F09B0C18 /* Pods-SimpleMvvMDemo.release.xcconfig */;
			buildSettings = {
				ASSETCATALOG_COMPILER_APPICON_NAME = AppIcon;
				CODE_SIGN_STYLE = Automatic;
				DEVELOPMENT_TEAM = 6ZZ5YDZA7Z;
				INFOPLIST_FILE = SimpleMvvMDemo/Info.plist;
				LD_RUNPATH_SEARCH_PATHS = (
					"$(inherited)",
					"@executable_path/Frameworks",
				);
				PRODUCT_BUNDLE_IDENTIFIER = is.com.SimpleMvvMDemo;
				PRODUCT_NAME = "$(TARGET_NAME)";
				SWIFT_VERSION = 4.2;
				TARGETED_DEVICE_FAMILY = "1,2";
			};
			name = Release;
		};
		CEC7034E22D77336004C0A30 /* Debug */ = {
			isa = XCBuildConfiguration;
			baseConfigurationReference = 32FCFD75FB592C914EF0054B /* Pods-SimpleMvvMDemoTests.debug.xcconfig */;
			buildSettings = {
				ALWAYS_EMBED_SWIFT_STANDARD_LIBRARIES = YES;
				BUNDLE_LOADER = "$(TEST_HOST)";
				CODE_SIGN_STYLE = Automatic;
				DEVELOPMENT_TEAM = 6ZZ5YDZA7Z;
				INFOPLIST_FILE = SimpleMvvMDemoTests/Info.plist;
				LD_RUNPATH_SEARCH_PATHS = (
					"$(inherited)",
					"@executable_path/Frameworks",
					"@loader_path/Frameworks",
				);
				PRODUCT_BUNDLE_IDENTIFIER = is.com.SimpleMvvMDemoTests;
				PRODUCT_NAME = "$(TARGET_NAME)";
				SWIFT_VERSION = 4.2;
				TARGETED_DEVICE_FAMILY = "1,2";
				TEST_HOST = "$(BUILT_PRODUCTS_DIR)/SimpleMvvMDemo.app/SimpleMvvMDemo";
			};
			name = Debug;
		};
		CEC7034F22D77336004C0A30 /* Release */ = {
			isa = XCBuildConfiguration;
			baseConfigurationReference = B0EA0F6C984D9177C6BAF41A /* Pods-SimpleMvvMDemoTests.release.xcconfig */;
			buildSettings = {
				ALWAYS_EMBED_SWIFT_STANDARD_LIBRARIES = YES;
				BUNDLE_LOADER = "$(TEST_HOST)";
				CODE_SIGN_STYLE = Automatic;
				DEVELOPMENT_TEAM = 6ZZ5YDZA7Z;
				INFOPLIST_FILE = SimpleMvvMDemoTests/Info.plist;
				LD_RUNPATH_SEARCH_PATHS = (
					"$(inherited)",
					"@executable_path/Frameworks",
					"@loader_path/Frameworks",
				);
				PRODUCT_BUNDLE_IDENTIFIER = is.com.SimpleMvvMDemoTests;
				PRODUCT_NAME = "$(TARGET_NAME)";
				SWIFT_VERSION = 4.2;
				TARGETED_DEVICE_FAMILY = "1,2";
				TEST_HOST = "$(BUILT_PRODUCTS_DIR)/SimpleMvvMDemo.app/SimpleMvvMDemo";
			};
			name = Release;
		};
		CEC7035122D77336004C0A30 /* Debug */ = {
			isa = XCBuildConfiguration;
			baseConfigurationReference = 866D506BD9FB72EB027DB76B /* Pods-SimpleMvvMDemoUITests.debug.xcconfig */;
			buildSettings = {
				ALWAYS_EMBED_SWIFT_STANDARD_LIBRARIES = YES;
				CODE_SIGN_STYLE = Automatic;
				DEVELOPMENT_TEAM = 6ZZ5YDZA7Z;
				INFOPLIST_FILE = SimpleMvvMDemoUITests/Info.plist;
				LD_RUNPATH_SEARCH_PATHS = (
					"$(inherited)",
					"@executable_path/Frameworks",
					"@loader_path/Frameworks",
				);
				PRODUCT_BUNDLE_IDENTIFIER = is.com.SimpleMvvMDemoUITests;
				PRODUCT_NAME = "$(TARGET_NAME)";
				SWIFT_VERSION = 4.2;
				TARGETED_DEVICE_FAMILY = "1,2";
				TEST_TARGET_NAME = SimpleMvvMDemo;
			};
			name = Debug;
		};
		CEC7035222D77336004C0A30 /* Release */ = {
			isa = XCBuildConfiguration;
			baseConfigurationReference = B5D07B180188B5226968C4F8 /* Pods-SimpleMvvMDemoUITests.release.xcconfig */;
			buildSettings = {
				ALWAYS_EMBED_SWIFT_STANDARD_LIBRARIES = YES;
				CODE_SIGN_STYLE = Automatic;
				DEVELOPMENT_TEAM = 6ZZ5YDZA7Z;
				INFOPLIST_FILE = SimpleMvvMDemoUITests/Info.plist;
				LD_RUNPATH_SEARCH_PATHS = (
					"$(inherited)",
					"@executable_path/Frameworks",
					"@loader_path/Frameworks",
				);
				PRODUCT_BUNDLE_IDENTIFIER = is.com.SimpleMvvMDemoUITests;
				PRODUCT_NAME = "$(TARGET_NAME)";
				SWIFT_VERSION = 4.2;
				TARGETED_DEVICE_FAMILY = "1,2";
				TEST_TARGET_NAME = SimpleMvvMDemo;
			};
			name = Release;
		};
/* End XCBuildConfiguration section */

/* Begin XCConfigurationList section */
		CEC7031D22D77334004C0A30 /* Build configuration list for PBXProject "SimpleMvvMDemo" */ = {
			isa = XCConfigurationList;
			buildConfigurations = (
				CEC7034822D77336004C0A30 /* Debug */,
				CEC7034922D77336004C0A30 /* Release */,
			);
			defaultConfigurationIsVisible = 0;
			defaultConfigurationName = Release;
		};
		CEC7034A22D77336004C0A30 /* Build configuration list for PBXNativeTarget "SimpleMvvMDemo" */ = {
			isa = XCConfigurationList;
			buildConfigurations = (
				CEC7034B22D77336004C0A30 /* Debug */,
				CEC7034C22D77336004C0A30 /* Release */,
			);
			defaultConfigurationIsVisible = 0;
			defaultConfigurationName = Release;
		};
		CEC7034D22D77336004C0A30 /* Build configuration list for PBXNativeTarget "SimpleMvvMDemoTests" */ = {
			isa = XCConfigurationList;
			buildConfigurations = (
				CEC7034E22D77336004C0A30 /* Debug */,
				CEC7034F22D77336004C0A30 /* Release */,
			);
			defaultConfigurationIsVisible = 0;
			defaultConfigurationName = Release;
		};
		CEC7035022D77336004C0A30 /* Build configuration list for PBXNativeTarget "SimpleMvvMDemoUITests" */ = {
			isa = XCConfigurationList;
			buildConfigurations = (
				CEC7035122D77336004C0A30 /* Debug */,
				CEC7035222D77336004C0A30 /* Release */,
			);
			defaultConfigurationIsVisible = 0;
			defaultConfigurationName = Release;
		};
/* End XCConfigurationList section */
	};
	rootObject = CEC7031A22D77334004C0A30 /* Project object */;
}
